
Microsoft Visual Studio Solution File, Format Version 12.00
# Visual Studio Version 16
VisualStudioVersion = 16.0.29519.87
MinimumVisualStudioVersion = 10.0.40219.1
Project("{FAE04EC0-301F-11D3-BF4B-00C04F79EFBC}") = "Final_Pres", "Final_Pres.csproj", "{B963F3E6-9FBB-4FB1-A323-BB6F0C519CCB}"
EndProject
Global
	GlobalSection(SolutionConfigurationPlatforms) = preSolution
		Debug|Any CPU = Debug|Any CPU
		Release|Any CPU = Release|Any CPU
	EndGlobalSection
	GlobalSection(ProjectConfigurationPlatforms) = postSolution
		{B963F3E6-9FBB-4FB1-A323-BB6F0C519CCB}.Debug|Any CPU.ActiveCfg = Debug|Any CPU
		{B963F3E6-9FBB-4FB1-A323-BB6F0C519CCB}.Debug|Any CPU.Build.0 = Debug|Any CPU
		{B963F3E6-9FBB-4FB1-A323-BB6F0C519CCB}.Release|Any CPU.ActiveCfg = Release|Any CPU
		{B963F3E6-9FBB-4FB1-A323-BB6F0C519CCB}.Release|Any CPU.Build.0 = Release|Any CPU
	EndGlobalSection
	GlobalSection(SolutionProperties) = preSolution
		HideSolutionNode = FALSE
	EndGlobalSection
	GlobalSection(ExtensibilityGlobals) = postSolution
		SolutionGuid = {1D51A3EF-91DF-44EF-BCF4-E2983EB55C23}
	EndGlobalSection
EndGlobal
