
Microsoft Visual Studio Solution File, Format Version 12.00
# Visual Studio Version 16
VisualStudioVersion = 16.0.29519.87
MinimumVisualStudioVersion = 10.0.40219.1
Project("{FAE04EC0-301F-11D3-BF4B-00C04F79EFBC}") = "Parcial_3", "Parcial_3.csproj", "{D9DC4624-2B11-4518-9CE7-17C45746E6FA}"
EndProject
Global
	GlobalSection(SolutionConfigurationPlatforms) = preSolution
		Debug|Any CPU = Debug|Any CPU
		Release|Any CPU = Release|Any CPU
	EndGlobalSection
	GlobalSection(ProjectConfigurationPlatforms) = postSolution
		{D9DC4624-2B11-4518-9CE7-17C45746E6FA}.Debug|Any CPU.ActiveCfg = Debug|Any CPU
		{D9DC4624-2B11-4518-9CE7-17C45746E6FA}.Debug|Any CPU.Build.0 = Debug|Any CPU
		{D9DC4624-2B11-4518-9CE7-17C45746E6FA}.Release|Any CPU.ActiveCfg = Release|Any CPU
		{D9DC4624-2B11-4518-9CE7-17C45746E6FA}.Release|Any CPU.Build.0 = Release|Any CPU
	EndGlobalSection
	GlobalSection(SolutionProperties) = preSolution
		HideSolutionNode = FALSE
	EndGlobalSection
	GlobalSection(ExtensibilityGlobals) = postSolution
		SolutionGuid = {CD29F4FF-62E3-4648-A74B-7308BE4417FB}
	EndGlobalSection
EndGlobal
